{
  "version": 4,
  "terraform_version": "0.15.3",
  "serial": 17,
  "lineage": "be5566ef-236e-35ed-7c2d-2f3b646501a1",
  "outputs": {
    "registry_hostname": {
      "value": "flixtubestratistier.azurecr.io",
      "type": "string"
    },
    "registry_pw": {
      "value": "8ADB4pk0niaSvqaz3=MMGKN5vnA43Mrq",
      "type": "string",
      "sensitive": true
    },
    "registry_un": {
      "value": "flixtubeStratistier",
      "type": "string"
    }
  },
  "resources": [
    {
      "mode": "managed",
      "type": "azurerm_container_registry",
      "name": "container_registry",
      "provider": "provider[\"registry.terraform.io/hashicorp/azurerm\"]",
      "instances": [
        {
          "schema_version": 2,
          "attributes": {
            "admin_enabled": true,
            "admin_password": "8ADB4pk0niaSvqaz3=MMGKN5vnA43Mrq",
            "admin_username": "flixtubeStratistier",
            "georeplication_locations": null,
            "id": "/subscriptions/02e27ad6-de5e-4466-9347-55f95530d320/resourceGroups/flixtube/providers/Microsoft.ContainerRegistry/registries/flixtubeStratistier",
            "location": "westus",
            "login_server": "flixtubestratistier.azurecr.io",
            "name": "flixtubeStratistier",
            "network_rule_set": [],
            "resource_group_name": "flixtube",
            "sku": "Basic",
            "storage_account": [],
            "storage_account_id": null,
            "tags": {}
          },
          "sensitive_attributes": [],
          "private": "eyJzY2hlbWFfdmVyc2lvbiI6IjIifQ==",
          "dependencies": [
            "azurerm_resource_group.flixtube"
          ]
        }
      ]
    },
    {
      "mode": "managed",
      "type": "azurerm_resource_group",
      "name": "flixtube",
      "provider": "provider[\"registry.terraform.io/hashicorp/azurerm\"]",
      "instances": [
        {
          "schema_version": 0,
          "attributes": {
            "id": "/subscriptions/02e27ad6-de5e-4466-9347-55f95530d320/resourceGroups/flixtube",
            "location": "westus",
            "name": "flixtube",
            "tags": {}
          },
          "sensitive_attributes": [],
          "private": "bnVsbA=="
        }
      ]
    }
  ]
}
